
Microsoft Visual Studio Solution File, Format Version 12.00
# Visual Studio Version 17
VisualStudioVersion = 17.0.32014.148
MinimumVisualStudioVersion = 10.0.40219.1
Project("{FAE04EC0-301F-11D3-BF4B-00C04F79EFBC}") = "ETicaret_Web", "ETicaret_Web\ETicaret_Web.csproj", "{0A82BACC-EFAF-44BF-8C2D-E7A3411B20EA}"
EndProject
Project("{FAE04EC0-301F-11D3-BF4B-00C04F79EFBC}") = "ETicaret_Entity", "ETicaret_Entity\ETicaret_Entity.csproj", "{8BE5F59C-1536-46DF-9517-18305F5D80CA}"
EndProject
Global
	GlobalSection(SolutionConfigurationPlatforms) = preSolution
		Debug|Any CPU = Debug|Any CPU
		Release|Any CPU = Release|Any CPU
	EndGlobalSection
	GlobalSection(ProjectConfigurationPlatforms) = postSolution
		{0A82BACC-EFAF-44BF-8C2D-E7A3411B20EA}.Debug|Any CPU.ActiveCfg = Debug|Any CPU
		{0A82BACC-EFAF-44BF-8C2D-E7A3411B20EA}.Debug|Any CPU.Build.0 = Debug|Any CPU
		{0A82BACC-EFAF-44BF-8C2D-E7A3411B20EA}.Release|Any CPU.ActiveCfg = Release|Any CPU
		{0A82BACC-EFAF-44BF-8C2D-E7A3411B20EA}.Release|Any CPU.Build.0 = Release|Any CPU
		{8BE5F59C-1536-46DF-9517-18305F5D80CA}.Debug|Any CPU.ActiveCfg = Debug|Any CPU
		{8BE5F59C-1536-46DF-9517-18305F5D80CA}.Debug|Any CPU.Build.0 = Debug|Any CPU
		{8BE5F59C-1536-46DF-9517-18305F5D80CA}.Release|Any CPU.ActiveCfg = Release|Any CPU
		{8BE5F59C-1536-46DF-9517-18305F5D80CA}.Release|Any CPU.Build.0 = Release|Any CPU
	EndGlobalSection
	GlobalSection(SolutionProperties) = preSolution
		HideSolutionNode = FALSE
	EndGlobalSection
	GlobalSection(ExtensibilityGlobals) = postSolution
		SolutionGuid = {34733D43-FF69-4D73-A125-F168C1972F90}
	EndGlobalSection
EndGlobal
